
Microsoft Visual Studio Solution File, Format Version 12.00
# Visual Studio Version 17
VisualStudioVersion = 17.10.34928.147
MinimumVisualStudioVersion = 10.0.40219.1
Project("{FAE04EC0-301F-11D3-BF4B-00C04F79EFBC}") = "FlexApp.Android", "FlexApp\FlexApp.Android\FlexApp.Android.csproj", "{AB4EFB02-2D5F-4F3B-881E-24151994C536}"
EndProject
Project("{FAE04EC0-301F-11D3-BF4B-00C04F79EFBC}") = "FlexApp.iOS", "FlexApp\FlexApp.iOS\FlexApp.iOS.csproj", "{81E1BB69-480E-4BB2-9A88-BF688D60E065}"
EndProject
Project("{FAE04EC0-301F-11D3-BF4B-00C04F79EFBC}") = "FlexApp", "FlexApp\FlexApp\FlexApp.csproj", "{902169F2-13F7-4399-B055-8844F0E6C2B7}"
EndProject
Global
	GlobalSection(SolutionConfigurationPlatforms) = preSolution
		Debug|Any CPU = Debug|Any CPU
		Debug|iPhone = Debug|iPhone
		Debug|iPhoneSimulator = Debug|iPhoneSimulator
		Release|Any CPU = Release|Any CPU
		Release|iPhone = Release|iPhone
		Release|iPhoneSimulator = Release|iPhoneSimulator
	EndGlobalSection
	GlobalSection(ProjectConfigurationPlatforms) = postSolution
		{AB4EFB02-2D5F-4F3B-881E-24151994C536}.Debug|Any CPU.ActiveCfg = Debug|Any CPU
		{AB4EFB02-2D5F-4F3B-881E-24151994C536}.Debug|Any CPU.Build.0 = Debug|Any CPU
		{AB4EFB02-2D5F-4F3B-881E-24151994C536}.Debug|Any CPU.Deploy.0 = Debug|Any CPU
		{AB4EFB02-2D5F-4F3B-881E-24151994C536}.Debug|iPhone.ActiveCfg = Debug|Any CPU
		{AB4EFB02-2D5F-4F3B-881E-24151994C536}.Debug|iPhone.Build.0 = Debug|Any CPU
		{AB4EFB02-2D5F-4F3B-881E-24151994C536}.Debug|iPhone.Deploy.0 = Debug|Any CPU
		{AB4EFB02-2D5F-4F3B-881E-24151994C536}.Debug|iPhoneSimulator.ActiveCfg = Debug|Any CPU
		{AB4EFB02-2D5F-4F3B-881E-24151994C536}.Debug|iPhoneSimulator.Build.0 = Debug|Any CPU
		{AB4EFB02-2D5F-4F3B-881E-24151994C536}.Debug|iPhoneSimulator.Deploy.0 = Debug|Any CPU
		{AB4EFB02-2D5F-4F3B-881E-24151994C536}.Release|Any CPU.ActiveCfg = Release|Any CPU
		{AB4EFB02-2D5F-4F3B-881E-24151994C536}.Release|Any CPU.Build.0 = Release|Any CPU
		{AB4EFB02-2D5F-4F3B-881E-24151994C536}.Release|Any CPU.Deploy.0 = Release|Any CPU
		{AB4EFB02-2D5F-4F3B-881E-24151994C536}.Release|iPhone.ActiveCfg = Release|Any CPU
		{AB4EFB02-2D5F-4F3B-881E-24151994C536}.Release|iPhone.Build.0 = Release|Any CPU
		{AB4EFB02-2D5F-4F3B-881E-24151994C536}.Release|iPhone.Deploy.0 = Release|Any CPU
		{AB4EFB02-2D5F-4F3B-881E-24151994C536}.Release|iPhoneSimulator.ActiveCfg = Release|Any CPU
		{AB4EFB02-2D5F-4F3B-881E-24151994C536}.Release|iPhoneSimulator.Build.0 = Release|Any CPU
		{AB4EFB02-2D5F-4F3B-881E-24151994C536}.Release|iPhoneSimulator.Deploy.0 = Release|Any CPU
		{81E1BB69-480E-4BB2-9A88-BF688D60E065}.Debug|Any CPU.ActiveCfg = Debug|iPhone
		{81E1BB69-480E-4BB2-9A88-BF688D60E065}.Debug|Any CPU.Build.0 = Debug|iPhone
		{81E1BB69-480E-4BB2-9A88-BF688D60E065}.Debug|Any CPU.Deploy.0 = Debug|iPhone
		{81E1BB69-480E-4BB2-9A88-BF688D60E065}.Debug|iPhone.ActiveCfg = Debug|iPhone
		{81E1BB69-480E-4BB2-9A88-BF688D60E065}.Debug|iPhone.Build.0 = Debug|iPhone
		{81E1BB69-480E-4BB2-9A88-BF688D60E065}.Debug|iPhone.Deploy.0 = Debug|iPhone
		{81E1BB69-480E-4BB2-9A88-BF688D60E065}.Debug|iPhoneSimulator.ActiveCfg = Debug|iPhoneSimulator
		{81E1BB69-480E-4BB2-9A88-BF688D60E065}.Debug|iPhoneSimulator.Build.0 = Debug|iPhoneSimulator
		{81E1BB69-480E-4BB2-9A88-BF688D60E065}.Debug|iPhoneSimulator.Deploy.0 = Debug|iPhoneSimulator
		{81E1BB69-480E-4BB2-9A88-BF688D60E065}.Release|Any CPU.ActiveCfg = Release|iPhoneSimulator
		{81E1BB69-480E-4BB2-9A88-BF688D60E065}.Release|Any CPU.Build.0 = Release|iPhoneSimulator
		{81E1BB69-480E-4BB2-9A88-BF688D60E065}.Release|Any CPU.Deploy.0 = Release|iPhoneSimulator
		{81E1BB69-480E-4BB2-9A88-BF688D60E065}.Release|iPhone.ActiveCfg = Release|iPhone
		{81E1BB69-480E-4BB2-9A88-BF688D60E065}.Release|iPhone.Build.0 = Release|iPhone
		{81E1BB69-480E-4BB2-9A88-BF688D60E065}.Release|iPhone.Deploy.0 = Release|iPhone
		{81E1BB69-480E-4BB2-9A88-BF688D60E065}.Release|iPhoneSimulator.ActiveCfg = Release|iPhoneSimulator
		{81E1BB69-480E-4BB2-9A88-BF688D60E065}.Release|iPhoneSimulator.Build.0 = Release|iPhoneSimulator
		{81E1BB69-480E-4BB2-9A88-BF688D60E065}.Release|iPhoneSimulator.Deploy.0 = Release|iPhoneSimulator
		{902169F2-13F7-4399-B055-8844F0E6C2B7}.Debug|Any CPU.ActiveCfg = Debug|Any CPU
		{902169F2-13F7-4399-B055-8844F0E6C2B7}.Debug|Any CPU.Build.0 = Debug|Any CPU
		{902169F2-13F7-4399-B055-8844F0E6C2B7}.Debug|Any CPU.Deploy.0 = Debug|Any CPU
		{902169F2-13F7-4399-B055-8844F0E6C2B7}.Debug|iPhone.ActiveCfg = Debug|Any CPU
		{902169F2-13F7-4399-B055-8844F0E6C2B7}.Debug|iPhone.Build.0 = Debug|Any CPU
		{902169F2-13F7-4399-B055-8844F0E6C2B7}.Debug|iPhone.Deploy.0 = Debug|Any CPU
		{902169F2-13F7-4399-B055-8844F0E6C2B7}.Debug|iPhoneSimulator.ActiveCfg = Debug|Any CPU
		{902169F2-13F7-4399-B055-8844F0E6C2B7}.Debug|iPhoneSimulator.Build.0 = Debug|Any CPU
		{902169F2-13F7-4399-B055-8844F0E6C2B7}.Debug|iPhoneSimulator.Deploy.0 = Debug|Any CPU
		{902169F2-13F7-4399-B055-8844F0E6C2B7}.Release|Any CPU.ActiveCfg = Release|Any CPU
		{902169F2-13F7-4399-B055-8844F0E6C2B7}.Release|Any CPU.Build.0 = Release|Any CPU
		{902169F2-13F7-4399-B055-8844F0E6C2B7}.Release|Any CPU.Deploy.0 = Release|Any CPU
		{902169F2-13F7-4399-B055-8844F0E6C2B7}.Release|iPhone.ActiveCfg = Release|Any CPU
		{902169F2-13F7-4399-B055-8844F0E6C2B7}.Release|iPhone.Build.0 = Release|Any CPU
		{902169F2-13F7-4399-B055-8844F0E6C2B7}.Release|iPhone.Deploy.0 = Release|Any CPU
		{902169F2-13F7-4399-B055-8844F0E6C2B7}.Release|iPhoneSimulator.ActiveCfg = Release|Any CPU
		{902169F2-13F7-4399-B055-8844F0E6C2B7}.Release|iPhoneSimulator.Build.0 = Release|Any CPU
		{902169F2-13F7-4399-B055-8844F0E6C2B7}.Release|iPhoneSimulator.Deploy.0 = Release|Any CPU
	EndGlobalSection
	GlobalSection(SolutionProperties) = preSolution
		HideSolutionNode = FALSE
	EndGlobalSection
	GlobalSection(ExtensibilityGlobals) = postSolution
		SolutionGuid = {9D14440E-F8C6-4DD7-83A5-0690AF1D3C65}
	EndGlobalSection
EndGlobal
